
Microsoft Visual Studio Solution File, Format Version 12.00
# Visual Studio Version 16
VisualStudioVersion = 16.0.30804.86
MinimumVisualStudioVersion = 10.0.40219.1
Project("{FAE04EC0-301F-11D3-BF4B-00C04F79EFBC}") = "MyTestApp", "MyTestApp\MyTestApp.csproj", "{1751B89A-A110-49EA-9EF3-A65877DBA175}"
EndProject
Global
	GlobalSection(SolutionConfigurationPlatforms) = preSolution
		Debug|Any CPU = Debug|Any CPU
		Release|Any CPU = Release|Any CPU
	EndGlobalSection
	GlobalSection(ProjectConfigurationPlatforms) = postSolution
		{1751B89A-A110-49EA-9EF3-A65877DBA175}.Debug|Any CPU.ActiveCfg = Debug|Any CPU
		{1751B89A-A110-49EA-9EF3-A65877DBA175}.Debug|Any CPU.Build.0 = Debug|Any CPU
		{1751B89A-A110-49EA-9EF3-A65877DBA175}.Release|Any CPU.ActiveCfg = Release|Any CPU
		{1751B89A-A110-49EA-9EF3-A65877DBA175}.Release|Any CPU.Build.0 = Release|Any CPU
	EndGlobalSection
	GlobalSection(SolutionProperties) = preSolution
		HideSolutionNode = FALSE
	EndGlobalSection
	GlobalSection(ExtensibilityGlobals) = postSolution
		SolutionGuid = {8CCD139E-AE0A-4ABC-9594-C3D5067F9632}
	EndGlobalSection
EndGlobal
