
Microsoft Visual Studio Solution File, Format Version 12.00
# Visual Studio Version 16
VisualStudioVersion = 16.0.30804.86
MinimumVisualStudioVersion = 10.0.40219.1
Project("{FAE04EC0-301F-11D3-BF4B-00C04F79EFBC}") = "MyTestAppService", "MyTestAppService\MyTestAppService.csproj", "{5AE93663-946F-43AD-A4D2-390EE98033EF}"
EndProject
Global
	GlobalSection(SolutionConfigurationPlatforms) = preSolution
		Debug|Any CPU = Debug|Any CPU
		Release|Any CPU = Release|Any CPU
	EndGlobalSection
	GlobalSection(ProjectConfigurationPlatforms) = postSolution
		{5AE93663-946F-43AD-A4D2-390EE98033EF}.Debug|Any CPU.ActiveCfg = Debug|Any CPU
		{5AE93663-946F-43AD-A4D2-390EE98033EF}.Debug|Any CPU.Build.0 = Debug|Any CPU
		{5AE93663-946F-43AD-A4D2-390EE98033EF}.Release|Any CPU.ActiveCfg = Release|Any CPU
		{5AE93663-946F-43AD-A4D2-390EE98033EF}.Release|Any CPU.Build.0 = Release|Any CPU
	EndGlobalSection
	GlobalSection(SolutionProperties) = preSolution
		HideSolutionNode = FALSE
	EndGlobalSection
	GlobalSection(ExtensibilityGlobals) = postSolution
		SolutionGuid = {8CCD139E-AE0A-4ABC-9594-C3D5067F9632}
	EndGlobalSection
EndGlobal
